
Microsoft Visual Studio Solution File, Format Version 12.00
# Visual Studio Version 17
VisualStudioVersion = 17.1.32328.378
MinimumVisualStudioVersion = 10.0.40219.1
Project("{FAE04EC0-301F-11D3-BF4B-00C04F79EFBC}") = "HelloWorldAngularNet6", "HelloWorldAngularNet6\HelloWorldAngularNet6.csproj", "{DCE2B8D6-446A-4DA1-9D9E-628721935012}"
EndProject
Project("{FAE04EC0-301F-11D3-BF4B-00C04F79EFBC}") = "HelloWorldAngularNet6.Tests", "HelloWorldAngularNet6.Tests\HelloWorldAngularNet6.Tests.csproj", "{1564B93E-3D78-47D3-AC97-55D4C1E33285}"
EndProject
Global
	GlobalSection(SolutionConfigurationPlatforms) = preSolution
		Debug|Any CPU = Debug|Any CPU
		Release|Any CPU = Release|Any CPU
	EndGlobalSection
	GlobalSection(ProjectConfigurationPlatforms) = postSolution
		{DCE2B8D6-446A-4DA1-9D9E-628721935012}.Debug|Any CPU.ActiveCfg = Debug|Any CPU
		{DCE2B8D6-446A-4DA1-9D9E-628721935012}.Debug|Any CPU.Build.0 = Debug|Any CPU
		{DCE2B8D6-446A-4DA1-9D9E-628721935012}.Release|Any CPU.ActiveCfg = Release|Any CPU
		{DCE2B8D6-446A-4DA1-9D9E-628721935012}.Release|Any CPU.Build.0 = Release|Any CPU
		{1564B93E-3D78-47D3-AC97-55D4C1E33285}.Debug|Any CPU.ActiveCfg = Debug|Any CPU
		{1564B93E-3D78-47D3-AC97-55D4C1E33285}.Debug|Any CPU.Build.0 = Debug|Any CPU
		{1564B93E-3D78-47D3-AC97-55D4C1E33285}.Release|Any CPU.ActiveCfg = Release|Any CPU
		{1564B93E-3D78-47D3-AC97-55D4C1E33285}.Release|Any CPU.Build.0 = Release|Any CPU
	EndGlobalSection
	GlobalSection(SolutionProperties) = preSolution
		HideSolutionNode = FALSE
	EndGlobalSection
	GlobalSection(ExtensibilityGlobals) = postSolution
		SolutionGuid = {F4FD8436-43F5-4CB0-9D4F-5DF045AB178E}
	EndGlobalSection
EndGlobal
